# This file is automatically @generated by Cargo.
# It is not intended for manual editing.
version = 4

[[package]]
name = "slicer-project-generator-bambu-studio"
version = "0.1.0"

[[package]]
name = "slicer-project-generator-orca-slicer"
version = "0.1.0"

[[package]]
name = "slicer-project-generator-prusa-slicer"
version = "0.1.0"
